// !$*UTF8*$!
{
	archiveVersion = 1;
	classes = {
	};
	objectVersion = 56;
	objects = {

/* Begin PBXBuildFile section */
		08C30403A9B4BE46EE5C98AE /* Pods_ApplicationDevEvolxITiOS.framework in Frameworks */ = {isa = PBXBuildFile; fileRef = 0F9126CD350DF6B666027CFF /* Pods_ApplicationDevEvolxITiOS.framework */; };
		E11161832A70EB040092D04F /* MainTabBarController.swift in Sources */ = {isa = PBXBuildFile; fileRef = E11161822A70EB040092D04F /* MainTabBarController.swift */; };
		E11161882A70F0930092D04F /* DetailViewController.swift in Sources */ = {isa = PBXBuildFile; fileRef = E11161862A70F0930092D04F /* DetailViewController.swift */; };
		E11161892A70F0930092D04F /* DetailViewController.xib in Resources */ = {isa = PBXBuildFile; fileRef = E11161872A70F0930092D04F /* DetailViewController.xib */; };
		E11161992A70F30A0092D04F /* MovieContainerTableViewCell.swift in Sources */ = {isa = PBXBuildFile; fileRef = E11161972A70F30A0092D04F /* MovieContainerTableViewCell.swift */; };
		E111619A2A70F30A0092D04F /* MovieContainerTableViewCell.xib in Resources */ = {isa = PBXBuildFile; fileRef = E11161982A70F30A0092D04F /* MovieContainerTableViewCell.xib */; };
		E111619D2A70F3180092D04F /* MovieSliderContainerTableViewCell.swift in Sources */ = {isa = PBXBuildFile; fileRef = E111619B2A70F3180092D04F /* MovieSliderContainerTableViewCell.swift */; };
		E111619E2A70F3180092D04F /* MovieSliderContainerTableViewCell.xib in Resources */ = {isa = PBXBuildFile; fileRef = E111619C2A70F3180092D04F /* MovieSliderContainerTableViewCell.xib */; };
		E11161A12A70F4C10092D04F /* BaseSectionModel.swift in Sources */ = {isa = PBXBuildFile; fileRef = E11161A02A70F4C10092D04F /* BaseSectionModel.swift */; };
		E11161A42A70F5590092D04F /* MovieCollectionViewCell.swift in Sources */ = {isa = PBXBuildFile; fileRef = E11161A22A70F5590092D04F /* MovieCollectionViewCell.swift */; };
		E11161A52A70F5590092D04F /* MovieCollectionViewCell.xib in Resources */ = {isa = PBXBuildFile; fileRef = E11161A32A70F5590092D04F /* MovieCollectionViewCell.xib */; };
		E11161A82A70F7A80092D04F /* MovieSliderCollectionViewCell.swift in Sources */ = {isa = PBXBuildFile; fileRef = E11161A62A70F7A80092D04F /* MovieSliderCollectionViewCell.swift */; };
		E11161A92A70F7A80092D04F /* MovieSliderCollectionViewCell.xib in Resources */ = {isa = PBXBuildFile; fileRef = E11161A72A70F7A80092D04F /* MovieSliderCollectionViewCell.xib */; };
		E11161AB2A70FEE10092D04F /* Home+TableView.swift in Sources */ = {isa = PBXBuildFile; fileRef = E11161AA2A70FEE10092D04F /* Home+TableView.swift */; };
		E11161AD2A7107B50092D04F /* HomeInteractor.swift in Sources */ = {isa = PBXBuildFile; fileRef = E11161AC2A7107B50092D04F /* HomeInteractor.swift */; };
		E11161B12A7107C80092D04F /* HomePresenter.swift in Sources */ = {isa = PBXBuildFile; fileRef = E11161B02A7107C80092D04F /* HomePresenter.swift */; };
		E11161B32A7107DA0092D04F /* HomeNetworkingWorker.swift in Sources */ = {isa = PBXBuildFile; fileRef = E11161B22A7107DA0092D04F /* HomeNetworkingWorker.swift */; };
		E11161B52A7107E00092D04F /* HomeRouter.swift in Sources */ = {isa = PBXBuildFile; fileRef = E11161B42A7107E00092D04F /* HomeRouter.swift */; };
		E11161B82A7114720092D04F /* DatabaseDataRetrieveService.swift in Sources */ = {isa = PBXBuildFile; fileRef = E11161B72A7114720092D04F /* DatabaseDataRetrieveService.swift */; };
		E11161BA2A711BCD0092D04F /* HomeViewController+DBDatasource.swift in Sources */ = {isa = PBXBuildFile; fileRef = E11161B92A711BCD0092D04F /* HomeViewController+DBDatasource.swift */; };
		E11161BC2A7120710092D04F /* Detail+TableView.swift in Sources */ = {isa = PBXBuildFile; fileRef = E11161BB2A7120710092D04F /* Detail+TableView.swift */; };
		E11161BF2A7120BF0092D04F /* DetailSections.swift in Sources */ = {isa = PBXBuildFile; fileRef = E11161BE2A7120BF0092D04F /* DetailSections.swift */; };
		E11161C32A7121440092D04F /* WatchNowTableViewCell.swift in Sources */ = {isa = PBXBuildFile; fileRef = E11161C12A7121440092D04F /* WatchNowTableViewCell.swift */; };
		E11161C42A7121440092D04F /* WatchNowTableViewCell.xib in Resources */ = {isa = PBXBuildFile; fileRef = E11161C22A7121440092D04F /* WatchNowTableViewCell.xib */; };
		E11161C72A7121500092D04F /* DescriptionTableViewCell.swift in Sources */ = {isa = PBXBuildFile; fileRef = E11161C52A7121500092D04F /* DescriptionTableViewCell.swift */; };
		E11161C82A7121500092D04F /* DescriptionTableViewCell.xib in Resources */ = {isa = PBXBuildFile; fileRef = E11161C62A7121500092D04F /* DescriptionTableViewCell.xib */; };
		E11161CF2A7121620092D04F /* RatingInfoTableViewCell.swift in Sources */ = {isa = PBXBuildFile; fileRef = E11161CD2A7121620092D04F /* RatingInfoTableViewCell.swift */; };
		E11161D02A7121620092D04F /* RatingInfoTableViewCell.xib in Resources */ = {isa = PBXBuildFile; fileRef = E11161CE2A7121620092D04F /* RatingInfoTableViewCell.xib */; };
		E11161D22A712AD80092D04F /* DetailMovieModel.swift in Sources */ = {isa = PBXBuildFile; fileRef = E11161D12A712AD80092D04F /* DetailMovieModel.swift */; };
		E11161D42A712B840092D04F /* DetailInteractor.swift in Sources */ = {isa = PBXBuildFile; fileRef = E11161D32A712B840092D04F /* DetailInteractor.swift */; };
		E11161D62A712B980092D04F /* DetailWorker.swift in Sources */ = {isa = PBXBuildFile; fileRef = E11161D52A712B980092D04F /* DetailWorker.swift */; };
		E11161D82A712BA10092D04F /* DetailPresenter.swift in Sources */ = {isa = PBXBuildFile; fileRef = E11161D72A712BA10092D04F /* DetailPresenter.swift */; };
		E11161DA2A712BB30092D04F /* DetailRouter.swift in Sources */ = {isa = PBXBuildFile; fileRef = E11161D92A712BB30092D04F /* DetailRouter.swift */; };
		E11161DC2A71363F0092D04F /* DetailView+Delegate.swift in Sources */ = {isa = PBXBuildFile; fileRef = E11161DB2A71363F0092D04F /* DetailView+Delegate.swift */; };
		E160B3E72A70DDA900B3DB81 /* AppDelegate.swift in Sources */ = {isa = PBXBuildFile; fileRef = E160B3E62A70DDA900B3DB81 /* AppDelegate.swift */; };
		E160B3F02A70DDAB00B3DB81 /* Assets.xcassets in Resources */ = {isa = PBXBuildFile; fileRef = E160B3EF2A70DDAB00B3DB81 /* Assets.xcassets */; };
		E160B3F32A70DDAB00B3DB81 /* LaunchScreen.storyboard in Resources */ = {isa = PBXBuildFile; fileRef = E160B3F12A70DDAB00B3DB81 /* LaunchScreen.storyboard */; };
		E160B4032A70E11100B3DB81 /* HomeViewController.swift in Sources */ = {isa = PBXBuildFile; fileRef = E160B4012A70E11100B3DB81 /* HomeViewController.swift */; };
		E160B4042A70E11100B3DB81 /* HomeViewController.xib in Resources */ = {isa = PBXBuildFile; fileRef = E160B4022A70E11100B3DB81 /* HomeViewController.xib */; };
		E160B4062A70E13A00B3DB81 /* BaseViewController.swift in Sources */ = {isa = PBXBuildFile; fileRef = E160B4052A70E13A00B3DB81 /* BaseViewController.swift */; };
		E160B4082A70E18900B3DB81 /* BaseTableViewCell.swift in Sources */ = {isa = PBXBuildFile; fileRef = E160B4072A70E18900B3DB81 /* BaseTableViewCell.swift */; };
		E160B40A2A70E19F00B3DB81 /* BaseCollectionViewCell.swift in Sources */ = {isa = PBXBuildFile; fileRef = E160B4092A70E19F00B3DB81 /* BaseCollectionViewCell.swift */; };
		E160B40D2A70E21E00B3DB81 /* DialogController.swift in Sources */ = {isa = PBXBuildFile; fileRef = E160B40C2A70E21E00B3DB81 /* DialogController.swift */; };
		E160B40F2A70E22800B3DB81 /* DialogControllerTransitionDelegate.swift in Sources */ = {isa = PBXBuildFile; fileRef = E160B40E2A70E22800B3DB81 /* DialogControllerTransitionDelegate.swift */; };
		E160B4132A70E2AE00B3DB81 /* CustomSectionHeaderView.xib in Resources */ = {isa = PBXBuildFile; fileRef = E160B4122A70E2AE00B3DB81 /* CustomSectionHeaderView.xib */; };
		E160B4152A70E2B800B3DB81 /* CustomSectionHeaderView.swift in Sources */ = {isa = PBXBuildFile; fileRef = E160B4142A70E2B800B3DB81 /* CustomSectionHeaderView.swift */; };
		E160B41A2A70E4EB00B3DB81 /* NSObject+Extension.swift in Sources */ = {isa = PBXBuildFile; fileRef = E160B4192A70E4EB00B3DB81 /* NSObject+Extension.swift */; };
		E160B41C2A70E50500B3DB81 /* String+Extension.swift in Sources */ = {isa = PBXBuildFile; fileRef = E160B41B2A70E50500B3DB81 /* String+Extension.swift */; };
		E160B41E2A70E51500B3DB81 /* Optionals+String.swift in Sources */ = {isa = PBXBuildFile; fileRef = E160B41D2A70E51500B3DB81 /* Optionals+String.swift */; };
		E160B4202A70E53E00B3DB81 /* UIApplication+Extension.swift in Sources */ = {isa = PBXBuildFile; fileRef = E160B41F2A70E53E00B3DB81 /* UIApplication+Extension.swift */; };
		E160B4222A70E54F00B3DB81 /* UITableView+Extension.swift in Sources */ = {isa = PBXBuildFile; fileRef = E160B4212A70E54F00B3DB81 /* UITableView+Extension.swift */; };
		E160B4242A70E55D00B3DB81 /* UICollectionView+Extension.swift in Sources */ = {isa = PBXBuildFile; fileRef = E160B4232A70E55D00B3DB81 /* UICollectionView+Extension.swift */; };
		E160B4262A70E5A000B3DB81 /* DatabaseManager.swift in Sources */ = {isa = PBXBuildFile; fileRef = E160B4252A70E5A000B3DB81 /* DatabaseManager.swift */; };
		E160B4282A70E5F400B3DB81 /* UpcomingMovieNetworkConfiguration.swift in Sources */ = {isa = PBXBuildFile; fileRef = E160B4272A70E5F400B3DB81 /* UpcomingMovieNetworkConfiguration.swift */; };
		E160B42C2A70E62500B3DB81 /* StandardConfiguration.swift in Sources */ = {isa = PBXBuildFile; fileRef = E160B42B2A70E62500B3DB81 /* StandardConfiguration.swift */; };
		E160B42E2A70E63500B3DB81 /* StandardNetworking.swift in Sources */ = {isa = PBXBuildFile; fileRef = E160B42D2A70E63500B3DB81 /* StandardNetworking.swift */; };
		E160B4302A70E64300B3DB81 /* StandardLogger.swift in Sources */ = {isa = PBXBuildFile; fileRef = E160B42F2A70E64300B3DB81 /* StandardLogger.swift */; };
		E160B4322A70E65400B3DB81 /* NetworkingConstant.swift in Sources */ = {isa = PBXBuildFile; fileRef = E160B4312A70E65400B3DB81 /* NetworkingConstant.swift */; };
		E160B4342A70E69700B3DB81 /* PopularMovieNetworkConfiguration.swift in Sources */ = {isa = PBXBuildFile; fileRef = E160B4332A70E69700B3DB81 /* PopularMovieNetworkConfiguration.swift */; };
		E160B4362A70E6B300B3DB81 /* MovieDetailNetworkConfiguration.swift in Sources */ = {isa = PBXBuildFile; fileRef = E160B4352A70E6B300B3DB81 /* MovieDetailNetworkConfiguration.swift */; };
		E160B4382A70E71400B3DB81 /* BaseDialog.swift in Sources */ = {isa = PBXBuildFile; fileRef = E160B4372A70E71400B3DB81 /* BaseDialog.swift */; };
		E160B43C2A70E79000B3DB81 /* WishListStatus.swift in Sources */ = {isa = PBXBuildFile; fileRef = E160B43B2A70E79000B3DB81 /* WishListStatus.swift */; };
		E160B43E2A70E7DC00B3DB81 /* MovieType.swift in Sources */ = {isa = PBXBuildFile; fileRef = E160B43D2A70E7DC00B3DB81 /* MovieType.swift */; };
		E160B4402A70E83500B3DB81 /* DatabaseUpdateService.swift in Sources */ = {isa = PBXBuildFile; fileRef = E160B43F2A70E83500B3DB81 /* DatabaseUpdateService.swift */; };
		E160B4432A70E8C800B3DB81 /* HomeModel.swift in Sources */ = {isa = PBXBuildFile; fileRef = E160B4422A70E8C800B3DB81 /* HomeModel.swift */; };
		E161D3BF2A714CFB008B14D5 /* VideoDisplayViewController.swift in Sources */ = {isa = PBXBuildFile; fileRef = E161D3BD2A714CFB008B14D5 /* VideoDisplayViewController.swift */; };
		E161D3C02A714CFB008B14D5 /* VideoDisplayViewController.xib in Resources */ = {isa = PBXBuildFile; fileRef = E161D3BE2A714CFB008B14D5 /* VideoDisplayViewController.xib */; };
/* End PBXBuildFile section */

/* Begin PBXFileReference section */
		0F9126CD350DF6B666027CFF /* Pods_ApplicationDevEvolxITiOS.framework */ = {isa = PBXFileReference; explicitFileType = wrapper.framework; includeInIndex = 0; path = Pods_ApplicationDevEvolxITiOS.framework; sourceTree = BUILT_PRODUCTS_DIR; };
		87B5EB16F9AEBF68E8EADD5E /* Pods-ApplicationDevEvolxITiOS.release.xcconfig */ = {isa = PBXFileReference; includeInIndex = 1; lastKnownFileType = text.xcconfig; name = "Pods-ApplicationDevEvolxITiOS.release.xcconfig"; path = "Target Support Files/Pods-ApplicationDevEvolxITiOS/Pods-ApplicationDevEvolxITiOS.release.xcconfig"; sourceTree = "<group>"; };
		CC67C5ABB11A85D60CC51C43 /* Pods-ApplicationDevEvolxITiOS.debug.xcconfig */ = {isa = PBXFileReference; includeInIndex = 1; lastKnownFileType = text.xcconfig; name = "Pods-ApplicationDevEvolxITiOS.debug.xcconfig"; path = "Target Support Files/Pods-ApplicationDevEvolxITiOS/Pods-ApplicationDevEvolxITiOS.debug.xcconfig"; sourceTree = "<group>"; };
		E11161822A70EB040092D04F /* MainTabBarController.swift */ = {isa = PBXFileReference; lastKnownFileType = sourcecode.swift; path = MainTabBarController.swift; sourceTree = "<group>"; };
		E11161862A70F0930092D04F /* DetailViewController.swift */ = {isa = PBXFileReference; lastKnownFileType = sourcecode.swift; path = DetailViewController.swift; sourceTree = "<group>"; };
		E11161872A70F0930092D04F /* DetailViewController.xib */ = {isa = PBXFileReference; lastKnownFileType = file.xib; path = DetailViewController.xib; sourceTree = "<group>"; };
		E11161972A70F30A0092D04F /* MovieContainerTableViewCell.swift */ = {isa = PBXFileReference; lastKnownFileType = sourcecode.swift; path = MovieContainerTableViewCell.swift; sourceTree = "<group>"; };
		E11161982A70F30A0092D04F /* MovieContainerTableViewCell.xib */ = {isa = PBXFileReference; lastKnownFileType = file.xib; path = MovieContainerTableViewCell.xib; sourceTree = "<group>"; };
		E111619B2A70F3180092D04F /* MovieSliderContainerTableViewCell.swift */ = {isa = PBXFileReference; lastKnownFileType = sourcecode.swift; path = MovieSliderContainerTableViewCell.swift; sourceTree = "<group>"; };
		E111619C2A70F3180092D04F /* MovieSliderContainerTableViewCell.xib */ = {isa = PBXFileReference; lastKnownFileType = file.xib; path = MovieSliderContainerTableViewCell.xib; sourceTree = "<group>"; };
		E11161A02A70F4C10092D04F /* BaseSectionModel.swift */ = {isa = PBXFileReference; lastKnownFileType = sourcecode.swift; path = BaseSectionModel.swift; sourceTree = "<group>"; };
		E11161A22A70F5590092D04F /* MovieCollectionViewCell.swift */ = {isa = PBXFileReference; lastKnownFileType = sourcecode.swift; path = MovieCollectionViewCell.swift; sourceTree = "<group>"; };
		E11161A32A70F5590092D04F /* MovieCollectionViewCell.xib */ = {isa = PBXFileReference; lastKnownFileType = file.xib; path = MovieCollectionViewCell.xib; sourceTree = "<group>"; };
		E11161A62A70F7A80092D04F /* MovieSliderCollectionViewCell.swift */ = {isa = PBXFileReference; lastKnownFileType = sourcecode.swift; path = MovieSliderCollectionViewCell.swift; sourceTree = "<group>"; };
		E11161A72A70F7A80092D04F /* MovieSliderCollectionViewCell.xib */ = {isa = PBXFileReference; lastKnownFileType = file.xib; path = MovieSliderCollectionViewCell.xib; sourceTree = "<group>"; };
		E11161AA2A70FEE10092D04F /* Home+TableView.swift */ = {isa = PBXFileReference; lastKnownFileType = sourcecode.swift; path = "Home+TableView.swift"; sourceTree = "<group>"; };
		E11161AC2A7107B50092D04F /* HomeInteractor.swift */ = {isa = PBXFileReference; lastKnownFileType = sourcecode.swift; path = HomeInteractor.swift; sourceTree = "<group>"; };
		E11161B02A7107C80092D04F /* HomePresenter.swift */ = {isa = PBXFileReference; lastKnownFileType = sourcecode.swift; path = HomePresenter.swift; sourceTree = "<group>"; };
		E11161B22A7107DA0092D04F /* HomeNetworkingWorker.swift */ = {isa = PBXFileReference; lastKnownFileType = sourcecode.swift; path = HomeNetworkingWorker.swift; sourceTree = "<group>"; };
		E11161B42A7107E00092D04F /* HomeRouter.swift */ = {isa = PBXFileReference; lastKnownFileType = sourcecode.swift; path = HomeRouter.swift; sourceTree = "<group>"; };
		E11161B72A7114720092D04F /* DatabaseDataRetrieveService.swift */ = {isa = PBXFileReference; lastKnownFileType = sourcecode.swift; path = DatabaseDataRetrieveService.swift; sourceTree = "<group>"; };
		E11161B92A711BCD0092D04F /* HomeViewController+DBDatasource.swift */ = {isa = PBXFileReference; lastKnownFileType = sourcecode.swift; path = "HomeViewController+DBDatasource.swift"; sourceTree = "<group>"; };
		E11161BB2A7120710092D04F /* Detail+TableView.swift */ = {isa = PBXFileReference; lastKnownFileType = sourcecode.swift; path = "Detail+TableView.swift"; sourceTree = "<group>"; };
		E11161BE2A7120BF0092D04F /* DetailSections.swift */ = {isa = PBXFileReference; lastKnownFileType = sourcecode.swift; path = DetailSections.swift; sourceTree = "<group>"; };
		E11161C12A7121440092D04F /* WatchNowTableViewCell.swift */ = {isa = PBXFileReference; lastKnownFileType = sourcecode.swift; path = WatchNowTableViewCell.swift; sourceTree = "<group>"; };
		E11161C22A7121440092D04F /* WatchNowTableViewCell.xib */ = {isa = PBXFileReference; lastKnownFileType = file.xib; path = WatchNowTableViewCell.xib; sourceTree = "<group>"; };
		E11161C52A7121500092D04F /* DescriptionTableViewCell.swift */ = {isa = PBXFileReference; lastKnownFileType = sourcecode.swift; path = DescriptionTableViewCell.swift; sourceTree = "<group>"; };
		E11161C62A7121500092D04F /* DescriptionTableViewCell.xib */ = {isa = PBXFileReference; lastKnownFileType = file.xib; path = DescriptionTableViewCell.xib; sourceTree = "<group>"; };
		E11161CD2A7121620092D04F /* RatingInfoTableViewCell.swift */ = {isa = PBXFileReference; lastKnownFileType = sourcecode.swift; path = RatingInfoTableViewCell.swift; sourceTree = "<group>"; };
		E11161CE2A7121620092D04F /* RatingInfoTableViewCell.xib */ = {isa = PBXFileReference; lastKnownFileType = file.xib; path = RatingInfoTableViewCell.xib; sourceTree = "<group>"; };
		E11161D12A712AD80092D04F /* DetailMovieModel.swift */ = {isa = PBXFileReference; lastKnownFileType = sourcecode.swift; path = DetailMovieModel.swift; sourceTree = "<group>"; };
		E11161D32A712B840092D04F /* DetailInteractor.swift */ = {isa = PBXFileReference; lastKnownFileType = sourcecode.swift; path = DetailInteractor.swift; sourceTree = "<group>"; };
		E11161D52A712B980092D04F /* DetailWorker.swift */ = {isa = PBXFileReference; lastKnownFileType = sourcecode.swift; path = DetailWorker.swift; sourceTree = "<group>"; };
		E11161D72A712BA10092D04F /* DetailPresenter.swift */ = {isa = PBXFileReference; lastKnownFileType = sourcecode.swift; path = DetailPresenter.swift; sourceTree = "<group>"; };
		E11161D92A712BB30092D04F /* DetailRouter.swift */ = {isa = PBXFileReference; lastKnownFileType = sourcecode.swift; path = DetailRouter.swift; sourceTree = "<group>"; };
		E11161DB2A71363F0092D04F /* DetailView+Delegate.swift */ = {isa = PBXFileReference; lastKnownFileType = sourcecode.swift; path = "DetailView+Delegate.swift"; sourceTree = "<group>"; };
		E160B3E32A70DDA900B3DB81 /* ApplicationDevEvolxITiOS.app */ = {isa = PBXFileReference; explicitFileType = wrapper.application; includeInIndex = 0; path = ApplicationDevEvolxITiOS.app; sourceTree = BUILT_PRODUCTS_DIR; };
		E160B3E62A70DDA900B3DB81 /* AppDelegate.swift */ = {isa = PBXFileReference; lastKnownFileType = sourcecode.swift; path = AppDelegate.swift; sourceTree = "<group>"; };
		E160B3EF2A70DDAB00B3DB81 /* Assets.xcassets */ = {isa = PBXFileReference; lastKnownFileType = folder.assetcatalog; path = Assets.xcassets; sourceTree = "<group>"; };
		E160B3F22A70DDAB00B3DB81 /* Base */ = {isa = PBXFileReference; lastKnownFileType = file.storyboard; name = Base; path = Base.lproj/LaunchScreen.storyboard; sourceTree = "<group>"; };
		E160B3F42A70DDAB00B3DB81 /* Info.plist */ = {isa = PBXFileReference; lastKnownFileType = text.plist.xml; path = Info.plist; sourceTree = "<group>"; };
		E160B4012A70E11100B3DB81 /* HomeViewController.swift */ = {isa = PBXFileReference; lastKnownFileType = sourcecode.swift; path = HomeViewController.swift; sourceTree = "<group>"; };
		E160B4022A70E11100B3DB81 /* HomeViewController.xib */ = {isa = PBXFileReference; lastKnownFileType = file.xib; path = HomeViewController.xib; sourceTree = "<group>"; };
		E160B4052A70E13A00B3DB81 /* BaseViewController.swift */ = {isa = PBXFileReference; lastKnownFileType = sourcecode.swift; path = BaseViewController.swift; sourceTree = "<group>"; };
		E160B4072A70E18900B3DB81 /* BaseTableViewCell.swift */ = {isa = PBXFileReference; lastKnownFileType = sourcecode.swift; path = BaseTableViewCell.swift; sourceTree = "<group>"; };
		E160B4092A70E19F00B3DB81 /* BaseCollectionViewCell.swift */ = {isa = PBXFileReference; lastKnownFileType = sourcecode.swift; path = BaseCollectionViewCell.swift; sourceTree = "<group>"; };
		E160B40C2A70E21E00B3DB81 /* DialogController.swift */ = {isa = PBXFileReference; lastKnownFileType = sourcecode.swift; path = DialogController.swift; sourceTree = "<group>"; };
		E160B40E2A70E22800B3DB81 /* DialogControllerTransitionDelegate.swift */ = {isa = PBXFileReference; lastKnownFileType = sourcecode.swift; path = DialogControllerTransitionDelegate.swift; sourceTree = "<group>"; };
		E160B4122A70E2AE00B3DB81 /* CustomSectionHeaderView.xib */ = {isa = PBXFileReference; lastKnownFileType = file.xib; path = CustomSectionHeaderView.xib; sourceTree = "<group>"; };
		E160B4142A70E2B800B3DB81 /* CustomSectionHeaderView.swift */ = {isa = PBXFileReference; lastKnownFileType = sourcecode.swift; path = CustomSectionHeaderView.swift; sourceTree = "<group>"; };
		E160B4192A70E4EB00B3DB81 /* NSObject+Extension.swift */ = {isa = PBXFileReference; lastKnownFileType = sourcecode.swift; path = "NSObject+Extension.swift"; sourceTree = "<group>"; };
		E160B41B2A70E50500B3DB81 /* String+Extension.swift */ = {isa = PBXFileReference; lastKnownFileType = sourcecode.swift; path = "String+Extension.swift"; sourceTree = "<group>"; };
		E160B41D2A70E51500B3DB81 /* Optionals+String.swift */ = {isa = PBXFileReference; lastKnownFileType = sourcecode.swift; path = "Optionals+String.swift"; sourceTree = "<group>"; };
		E160B41F2A70E53E00B3DB81 /* UIApplication+Extension.swift */ = {isa = PBXFileReference; lastKnownFileType = sourcecode.swift; path = "UIApplication+Extension.swift"; sourceTree = "<group>"; };
		E160B4212A70E54F00B3DB81 /* UITableView+Extension.swift */ = {isa = PBXFileReference; lastKnownFileType = sourcecode.swift; path = "UITableView+Extension.swift"; sourceTree = "<group>"; };
		E160B4232A70E55D00B3DB81 /* UICollectionView+Extension.swift */ = {isa = PBXFileReference; lastKnownFileType = sourcecode.swift; path = "UICollectionView+Extension.swift"; sourceTree = "<group>"; };
		E160B4252A70E5A000B3DB81 /* DatabaseManager.swift */ = {isa = PBXFileReference; lastKnownFileType = sourcecode.swift; path = DatabaseManager.swift; sourceTree = "<group>"; };
		E160B4272A70E5F400B3DB81 /* UpcomingMovieNetworkConfiguration.swift */ = {isa = PBXFileReference; lastKnownFileType = sourcecode.swift; path = UpcomingMovieNetworkConfiguration.swift; sourceTree = "<group>"; };
		E160B42B2A70E62500B3DB81 /* StandardConfiguration.swift */ = {isa = PBXFileReference; lastKnownFileType = sourcecode.swift; path = StandardConfiguration.swift; sourceTree = "<group>"; };
		E160B42D2A70E63500B3DB81 /* StandardNetworking.swift */ = {isa = PBXFileReference; lastKnownFileType = sourcecode.swift; path = StandardNetworking.swift; sourceTree = "<group>"; };
		E160B42F2A70E64300B3DB81 /* StandardLogger.swift */ = {isa = PBXFileReference; lastKnownFileType = sourcecode.swift; path = StandardLogger.swift; sourceTree = "<group>"; };
		E160B4312A70E65400B3DB81 /* NetworkingConstant.swift */ = {isa = PBXFileReference; lastKnownFileType = sourcecode.swift; path = NetworkingConstant.swift; sourceTree = "<group>"; };
		E160B4332A70E69700B3DB81 /* PopularMovieNetworkConfiguration.swift */ = {isa = PBXFileReference; lastKnownFileType = sourcecode.swift; path = PopularMovieNetworkConfiguration.swift; sourceTree = "<group>"; };
		E160B4352A70E6B300B3DB81 /* MovieDetailNetworkConfiguration.swift */ = {isa = PBXFileReference; lastKnownFileType = sourcecode.swift; path = MovieDetailNetworkConfiguration.swift; sourceTree = "<group>"; };
		E160B4372A70E71400B3DB81 /* BaseDialog.swift */ = {isa = PBXFileReference; lastKnownFileType = sourcecode.swift; path = BaseDialog.swift; sourceTree = "<group>"; };
		E160B43B2A70E79000B3DB81 /* WishListStatus.swift */ = {isa = PBXFileReference; lastKnownFileType = sourcecode.swift; path = WishListStatus.swift; sourceTree = "<group>"; };
		E160B43D2A70E7DC00B3DB81 /* MovieType.swift */ = {isa = PBXFileReference; lastKnownFileType = sourcecode.swift; path = MovieType.swift; sourceTree = "<group>"; };
		E160B43F2A70E83500B3DB81 /* DatabaseUpdateService.swift */ = {isa = PBXFileReference; lastKnownFileType = sourcecode.swift; path = DatabaseUpdateService.swift; sourceTree = "<group>"; };
		E160B4422A70E8C800B3DB81 /* HomeModel.swift */ = {isa = PBXFileReference; lastKnownFileType = sourcecode.swift; path = HomeModel.swift; sourceTree = "<group>"; };
		E161D3BD2A714CFB008B14D5 /* VideoDisplayViewController.swift */ = {isa = PBXFileReference; lastKnownFileType = sourcecode.swift; path = VideoDisplayViewController.swift; sourceTree = "<group>"; };
		E161D3BE2A714CFB008B14D5 /* VideoDisplayViewController.xib */ = {isa = PBXFileReference; lastKnownFileType = file.xib; path = VideoDisplayViewController.xib; sourceTree = "<group>"; };
/* End PBXFileReference section */

/* Begin PBXFrameworksBuildPhase section */
		E160B3E02A70DDA900B3DB81 /* Frameworks */ = {
			isa = PBXFrameworksBuildPhase;
			buildActionMask = 2147483647;
			files = (
				08C30403A9B4BE46EE5C98AE /* Pods_ApplicationDevEvolxITiOS.framework in Frameworks */,
			);
			runOnlyForDeploymentPostprocessing = 0;
		};
/* End PBXFrameworksBuildPhase section */

/* Begin PBXGroup section */
		2215EE683EC86920F4DB556A /* Frameworks */ = {
			isa = PBXGroup;
			children = (
				0F9126CD350DF6B666027CFF /* Pods_ApplicationDevEvolxITiOS.framework */,
			);
			name = Frameworks;
			sourceTree = "<group>";
		};
		5AB8473121AFB39A53C9CCC1 /* Pods */ = {
			isa = PBXGroup;
			children = (
				CC67C5ABB11A85D60CC51C43 /* Pods-ApplicationDevEvolxITiOS.debug.xcconfig */,
				87B5EB16F9AEBF68E8EADD5E /* Pods-ApplicationDevEvolxITiOS.release.xcconfig */,
			);
			path = Pods;
			sourceTree = "<group>";
		};
		E11161842A70F07D0092D04F /* Detail */ = {
			isa = PBXGroup;
			children = (
				E11161BD2A7120B40092D04F /* Model */,
				E11161852A70F0820092D04F /* View */,
				E11161D32A712B840092D04F /* DetailInteractor.swift */,
				E11161D52A712B980092D04F /* DetailWorker.swift */,
				E11161D72A712BA10092D04F /* DetailPresenter.swift */,
				E11161D92A712BB30092D04F /* DetailRouter.swift */,
			);
			path = Detail;
			sourceTree = "<group>";
		};
		E11161852A70F0820092D04F /* View */ = {
			isa = PBXGroup;
			children = (
				E11161C02A7121320092D04F /* Cell */,
				E11161862A70F0930092D04F /* DetailViewController.swift */,
				E11161872A70F0930092D04F /* DetailViewController.xib */,
				E11161BB2A7120710092D04F /* Detail+TableView.swift */,
				E11161DB2A71363F0092D04F /* DetailView+Delegate.swift */,
			);
			path = View;
			sourceTree = "<group>";
		};
		E111618E2A70F2A70092D04F /* Cell */ = {
			isa = PBXGroup;
			children = (
				E11161972A70F30A0092D04F /* MovieContainerTableViewCell.swift */,
				E11161982A70F30A0092D04F /* MovieContainerTableViewCell.xib */,
				E111619B2A70F3180092D04F /* MovieSliderContainerTableViewCell.swift */,
				E111619C2A70F3180092D04F /* MovieSliderContainerTableViewCell.xib */,
				E11161A22A70F5590092D04F /* MovieCollectionViewCell.swift */,
				E11161A32A70F5590092D04F /* MovieCollectionViewCell.xib */,
				E11161A62A70F7A80092D04F /* MovieSliderCollectionViewCell.swift */,
				E11161A72A70F7A80092D04F /* MovieSliderCollectionViewCell.xib */,
			);
			path = Cell;
			sourceTree = "<group>";
		};
		E111619F2A70F4AE0092D04F /* Protocol */ = {
			isa = PBXGroup;
			children = (
				E11161A02A70F4C10092D04F /* BaseSectionModel.swift */,
			);
			path = Protocol;
			sourceTree = "<group>";
		};
		E11161BD2A7120B40092D04F /* Model */ = {
			isa = PBXGroup;
			children = (
				E11161BE2A7120BF0092D04F /* DetailSections.swift */,
				E11161D12A712AD80092D04F /* DetailMovieModel.swift */,
			);
			path = Model;
			sourceTree = "<group>";
		};
		E11161C02A7121320092D04F /* Cell */ = {
			isa = PBXGroup;
			children = (
				E11161C12A7121440092D04F /* WatchNowTableViewCell.swift */,
				E11161C22A7121440092D04F /* WatchNowTableViewCell.xib */,
				E11161C52A7121500092D04F /* DescriptionTableViewCell.swift */,
				E11161C62A7121500092D04F /* DescriptionTableViewCell.xib */,
				E11161CD2A7121620092D04F /* RatingInfoTableViewCell.swift */,
				E11161CE2A7121620092D04F /* RatingInfoTableViewCell.xib */,
			);
			path = Cell;
			sourceTree = "<group>";
		};
		E160B3DA2A70DDA800B3DB81 = {
			isa = PBXGroup;
			children = (
				E160B3E52A70DDA900B3DB81 /* ApplicationDevEvolxITiOS */,
				E160B3E42A70DDA900B3DB81 /* Products */,
				5AB8473121AFB39A53C9CCC1 /* Pods */,
				2215EE683EC86920F4DB556A /* Frameworks */,
			);
			sourceTree = "<group>";
		};
		E160B3E42A70DDA900B3DB81 /* Products */ = {
			isa = PBXGroup;
			children = (
				E160B3E32A70DDA900B3DB81 /* ApplicationDevEvolxITiOS.app */,
			);
			name = Products;
			sourceTree = "<group>";
		};
		E160B3E52A70DDA900B3DB81 /* ApplicationDevEvolxITiOS */ = {
			isa = PBXGroup;
			children = (
				E160B4162A70E30600B3DB81 /* Utilities */,
				E160B40B2A70E20D00B3DB81 /* Component */,
				E160B3FE2A70E0C900B3DB81 /* LocalDB */,
				E160B3FD2A70E0C300B3DB81 /* API */,
				E160B3FC2A70E0BD00B3DB81 /* Base */,
				E160B3FB2A70E0B200B3DB81 /* Resources */,
				E160B3FA2A70E0AB00B3DB81 /* Feature */,
				E160B3E62A70DDA900B3DB81 /* AppDelegate.swift */,
				E160B3EF2A70DDAB00B3DB81 /* Assets.xcassets */,
				E160B3F12A70DDAB00B3DB81 /* LaunchScreen.storyboard */,
				E160B3F42A70DDAB00B3DB81 /* Info.plist */,
			);
			path = ApplicationDevEvolxITiOS;
			sourceTree = "<group>";
		};
		E160B3FA2A70E0AB00B3DB81 /* Feature */ = {
			isa = PBXGroup;
			children = (
				E161D3BC2A714CE7008B14D5 /* Video */,
				E11161842A70F07D0092D04F /* Detail */,
				E160B3FF2A70E0F800B3DB81 /* Home */,
			);
			path = Feature;
			sourceTree = "<group>";
		};
		E160B3FB2A70E0B200B3DB81 /* Resources */ = {
			isa = PBXGroup;
			children = (
			);
			path = Resources;
			sourceTree = "<group>";
		};
		E160B3FC2A70E0BD00B3DB81 /* Base */ = {
			isa = PBXGroup;
			children = (
				E160B4392A70E76900B3DB81 /* Foundation */,
				E160B42A2A70E61600B3DB81 /* Networking */,
				E160B4292A70E60D00B3DB81 /* UIKit */,
			);
			path = Base;
			sourceTree = "<group>";
		};
		E160B3FD2A70E0C300B3DB81 /* API */ = {
			isa = PBXGroup;
			children = (
				E160B4272A70E5F400B3DB81 /* UpcomingMovieNetworkConfiguration.swift */,
				E160B4332A70E69700B3DB81 /* PopularMovieNetworkConfiguration.swift */,
				E160B4352A70E6B300B3DB81 /* MovieDetailNetworkConfiguration.swift */,
			);
			path = API;
			sourceTree = "<group>";
		};
		E160B3FE2A70E0C900B3DB81 /* LocalDB */ = {
			isa = PBXGroup;
			children = (
				E160B4252A70E5A000B3DB81 /* DatabaseManager.swift */,
				E160B43F2A70E83500B3DB81 /* DatabaseUpdateService.swift */,
				E11161B72A7114720092D04F /* DatabaseDataRetrieveService.swift */,
			);
			path = LocalDB;
			sourceTree = "<group>";
		};
		E160B3FF2A70E0F800B3DB81 /* Home */ = {
			isa = PBXGroup;
			children = (
				E160B4412A70E8BD00B3DB81 /* Model */,
				E160B4002A70E10000B3DB81 /* View */,
				E11161AC2A7107B50092D04F /* HomeInteractor.swift */,
				E11161B02A7107C80092D04F /* HomePresenter.swift */,
				E11161B22A7107DA0092D04F /* HomeNetworkingWorker.swift */,
				E11161B42A7107E00092D04F /* HomeRouter.swift */,
			);
			path = Home;
			sourceTree = "<group>";
		};
		E160B4002A70E10000B3DB81 /* View */ = {
			isa = PBXGroup;
			children = (
				E111618E2A70F2A70092D04F /* Cell */,
				E160B4012A70E11100B3DB81 /* HomeViewController.swift */,
				E160B4022A70E11100B3DB81 /* HomeViewController.xib */,
				E11161AA2A70FEE10092D04F /* Home+TableView.swift */,
				E11161B92A711BCD0092D04F /* HomeViewController+DBDatasource.swift */,
			);
			path = View;
			sourceTree = "<group>";
		};
		E160B40B2A70E20D00B3DB81 /* Component */ = {
			isa = PBXGroup;
			children = (
				E160B4112A70E27B00B3DB81 /* SectionHeader */,
				E160B4102A70E27400B3DB81 /* Dialog */,
			);
			path = Component;
			sourceTree = "<group>";
		};
		E160B4102A70E27400B3DB81 /* Dialog */ = {
			isa = PBXGroup;
			children = (
				E160B40C2A70E21E00B3DB81 /* DialogController.swift */,
				E160B40E2A70E22800B3DB81 /* DialogControllerTransitionDelegate.swift */,
			);
			path = Dialog;
			sourceTree = "<group>";
		};
		E160B4112A70E27B00B3DB81 /* SectionHeader */ = {
			isa = PBXGroup;
			children = (
				E160B4122A70E2AE00B3DB81 /* CustomSectionHeaderView.xib */,
				E160B4142A70E2B800B3DB81 /* CustomSectionHeaderView.swift */,
			);
			path = SectionHeader;
			sourceTree = "<group>";
		};
		E160B4162A70E30600B3DB81 /* Utilities */ = {
			isa = PBXGroup;
			children = (
				E160B4182A70E4AA00B3DB81 /* UIKit */,
				E160B4172A70E4A500B3DB81 /* Foundation */,
			);
			path = Utilities;
			sourceTree = "<group>";
		};
		E160B4172A70E4A500B3DB81 /* Foundation */ = {
			isa = PBXGroup;
			children = (
				E160B4192A70E4EB00B3DB81 /* NSObject+Extension.swift */,
				E160B41B2A70E50500B3DB81 /* String+Extension.swift */,
				E160B41D2A70E51500B3DB81 /* Optionals+String.swift */,
			);
			path = Foundation;
			sourceTree = "<group>";
		};
		E160B4182A70E4AA00B3DB81 /* UIKit */ = {
			isa = PBXGroup;
			children = (
				E160B41F2A70E53E00B3DB81 /* UIApplication+Extension.swift */,
				E160B4212A70E54F00B3DB81 /* UITableView+Extension.swift */,
				E160B4232A70E55D00B3DB81 /* UICollectionView+Extension.swift */,
			);
			path = UIKit;
			sourceTree = "<group>";
		};
		E160B4292A70E60D00B3DB81 /* UIKit */ = {
			isa = PBXGroup;
			children = (
				E160B4052A70E13A00B3DB81 /* BaseViewController.swift */,
				E160B4072A70E18900B3DB81 /* BaseTableViewCell.swift */,
				E160B4092A70E19F00B3DB81 /* BaseCollectionViewCell.swift */,
				E160B4372A70E71400B3DB81 /* BaseDialog.swift */,
				E11161822A70EB040092D04F /* MainTabBarController.swift */,
			);
			path = UIKit;
			sourceTree = "<group>";
		};
		E160B42A2A70E61600B3DB81 /* Networking */ = {
			isa = PBXGroup;
			children = (
				E160B42B2A70E62500B3DB81 /* StandardConfiguration.swift */,
				E160B42D2A70E63500B3DB81 /* StandardNetworking.swift */,
				E160B42F2A70E64300B3DB81 /* StandardLogger.swift */,
				E160B4312A70E65400B3DB81 /* NetworkingConstant.swift */,
			);
			path = Networking;
			sourceTree = "<group>";
		};
		E160B4392A70E76900B3DB81 /* Foundation */ = {
			isa = PBXGroup;
			children = (
				E111619F2A70F4AE0092D04F /* Protocol */,
				E160B43A2A70E77100B3DB81 /* Enum */,
			);
			path = Foundation;
			sourceTree = "<group>";
		};
		E160B43A2A70E77100B3DB81 /* Enum */ = {
			isa = PBXGroup;
			children = (
				E160B43B2A70E79000B3DB81 /* WishListStatus.swift */,
				E160B43D2A70E7DC00B3DB81 /* MovieType.swift */,
			);
			path = Enum;
			sourceTree = "<group>";
		};
		E160B4412A70E8BD00B3DB81 /* Model */ = {
			isa = PBXGroup;
			children = (
				E160B4422A70E8C800B3DB81 /* HomeModel.swift */,
			);
			path = Model;
			sourceTree = "<group>";
		};
		E161D3BC2A714CE7008B14D5 /* Video */ = {
			isa = PBXGroup;
			children = (
				E161D3BD2A714CFB008B14D5 /* VideoDisplayViewController.swift */,
				E161D3BE2A714CFB008B14D5 /* VideoDisplayViewController.xib */,
			);
			path = Video;
			sourceTree = "<group>";
		};
/* End PBXGroup section */

/* Begin PBXNativeTarget section */
		E160B3E22A70DDA900B3DB81 /* ApplicationDevEvolxITiOS */ = {
			isa = PBXNativeTarget;
			buildConfigurationList = E160B3F72A70DDAB00B3DB81 /* Build configuration list for PBXNativeTarget "ApplicationDevEvolxITiOS" */;
			buildPhases = (
				FB967ECE480460297518E19A /* [CP] Check Pods Manifest.lock */,
				E160B3DF2A70DDA900B3DB81 /* Sources */,
				E160B3E02A70DDA900B3DB81 /* Frameworks */,
				E160B3E12A70DDA900B3DB81 /* Resources */,
				C5C6BBC7B5332AD829B1DAAD /* [CP] Embed Pods Frameworks */,
			);
			buildRules = (
			);
			dependencies = (
			);
			name = ApplicationDevEvolxITiOS;
			productName = ApplicationDevEvolxITiOS;
			productReference = E160B3E32A70DDA900B3DB81 /* ApplicationDevEvolxITiOS.app */;
			productType = "com.apple.product-type.application";
		};
/* End PBXNativeTarget section */

/* Begin PBXProject section */
		E160B3DB2A70DDA800B3DB81 /* Project object */ = {
			isa = PBXProject;
			attributes = {
				BuildIndependentTargetsInParallel = 1;
				LastSwiftUpdateCheck = 1400;
				LastUpgradeCheck = 1400;
				TargetAttributes = {
					E160B3E22A70DDA900B3DB81 = {
						CreatedOnToolsVersion = 14.0;
					};
				};
			};
			buildConfigurationList = E160B3DE2A70DDA800B3DB81 /* Build configuration list for PBXProject "ApplicationDevEvolxITiOS" */;
			compatibilityVersion = "Xcode 14.0";
			developmentRegion = en;
			hasScannedForEncodings = 0;
			knownRegions = (
				en,
				Base,
			);
			mainGroup = E160B3DA2A70DDA800B3DB81;
			productRefGroup = E160B3E42A70DDA900B3DB81 /* Products */;
			projectDirPath = "";
			projectRoot = "";
			targets = (
				E160B3E22A70DDA900B3DB81 /* ApplicationDevEvolxITiOS */,
			);
		};
/* End PBXProject section */

/* Begin PBXResourcesBuildPhase section */
		E160B3E12A70DDA900B3DB81 /* Resources */ = {
			isa = PBXResourcesBuildPhase;
			buildActionMask = 2147483647;
			files = (
				E160B4132A70E2AE00B3DB81 /* CustomSectionHeaderView.xib in Resources */,
				E160B3F32A70DDAB00B3DB81 /* LaunchScreen.storyboard in Resources */,
				E111619E2A70F3180092D04F /* MovieSliderContainerTableViewCell.xib in Resources */,
				E11161C82A7121500092D04F /* DescriptionTableViewCell.xib in Resources */,
				E11161A52A70F5590092D04F /* MovieCollectionViewCell.xib in Resources */,
				E11161C42A7121440092D04F /* WatchNowTableViewCell.xib in Resources */,
				E11161A92A70F7A80092D04F /* MovieSliderCollectionViewCell.xib in Resources */,
				E161D3C02A714CFB008B14D5 /* VideoDisplayViewController.xib in Resources */,
				E111619A2A70F30A0092D04F /* MovieContainerTableViewCell.xib in Resources */,
				E11161892A70F0930092D04F /* DetailViewController.xib in Resources */,
				E160B3F02A70DDAB00B3DB81 /* Assets.xcassets in Resources */,
				E11161D02A7121620092D04F /* RatingInfoTableViewCell.xib in Resources */,
				E160B4042A70E11100B3DB81 /* HomeViewController.xib in Resources */,
			);
			runOnlyForDeploymentPostprocessing = 0;
		};
/* End PBXResourcesBuildPhase section */

/* Begin PBXShellScriptBuildPhase section */
		C5C6BBC7B5332AD829B1DAAD /* [CP] Embed Pods Frameworks */ = {
			isa = PBXShellScriptBuildPhase;
			buildActionMask = 2147483647;
			files = (
			);
			inputFileListPaths = (
				"${PODS_ROOT}/Target Support Files/Pods-ApplicationDevEvolxITiOS/Pods-ApplicationDevEvolxITiOS-frameworks-${CONFIGURATION}-input-files.xcfilelist",
			);
			name = "[CP] Embed Pods Frameworks";
			outputFileListPaths = (
				"${PODS_ROOT}/Target Support Files/Pods-ApplicationDevEvolxITiOS/Pods-ApplicationDevEvolxITiOS-frameworks-${CONFIGURATION}-output-files.xcfilelist",
			);
			runOnlyForDeploymentPostprocessing = 0;
			shellPath = /bin/sh;
			shellScript = "\"${PODS_ROOT}/Target Support Files/Pods-ApplicationDevEvolxITiOS/Pods-ApplicationDevEvolxITiOS-frameworks.sh\"\n";
			showEnvVarsInLog = 0;
		};
		FB967ECE480460297518E19A /* [CP] Check Pods Manifest.lock */ = {
			isa = PBXShellScriptBuildPhase;
			buildActionMask = 2147483647;
			files = (
			);
			inputFileListPaths = (
			);
			inputPaths = (
				"${PODS_PODFILE_DIR_PATH}/Podfile.lock",
				"${PODS_ROOT}/Manifest.lock",
			);
			name = "[CP] Check Pods Manifest.lock";
			outputFileListPaths = (
			);
			outputPaths = (
				"$(DERIVED_FILE_DIR)/Pods-ApplicationDevEvolxITiOS-checkManifestLockResult.txt",
			);
			runOnlyForDeploymentPostprocessing = 0;
			shellPath = /bin/sh;
			shellScript = "diff \"${PODS_PODFILE_DIR_PATH}/Podfile.lock\" \"${PODS_ROOT}/Manifest.lock\" > /dev/null\nif [ $? != 0 ] ; then\n    # print error to STDERR\n    echo \"error: The sandbox is not in sync with the Podfile.lock. Run 'pod install' or update your CocoaPods installation.\" >&2\n    exit 1\nfi\n# This output is used by Xcode 'outputs' to avoid re-running this script phase.\necho \"SUCCESS\" > \"${SCRIPT_OUTPUT_FILE_0}\"\n";
			showEnvVarsInLog = 0;
		};
/* End PBXShellScriptBuildPhase section */

/* Begin PBXSourcesBuildPhase section */
		E160B3DF2A70DDA900B3DB81 /* Sources */ = {
			isa = PBXSourcesBuildPhase;
			buildActionMask = 2147483647;
			files = (
				E11161C32A7121440092D04F /* WatchNowTableViewCell.swift in Sources */,
				E160B40A2A70E19F00B3DB81 /* BaseCollectionViewCell.swift in Sources */,
				E160B4082A70E18900B3DB81 /* BaseTableViewCell.swift in Sources */,
				E160B4432A70E8C800B3DB81 /* HomeModel.swift in Sources */,
				E160B43C2A70E79000B3DB81 /* WishListStatus.swift in Sources */,
				E160B4262A70E5A000B3DB81 /* DatabaseManager.swift in Sources */,
				E11161AB2A70FEE10092D04F /* Home+TableView.swift in Sources */,
				E160B41A2A70E4EB00B3DB81 /* NSObject+Extension.swift in Sources */,
				E160B3E72A70DDA900B3DB81 /* AppDelegate.swift in Sources */,
				E160B43E2A70E7DC00B3DB81 /* MovieType.swift in Sources */,
				E160B4362A70E6B300B3DB81 /* MovieDetailNetworkConfiguration.swift in Sources */,
				E11161882A70F0930092D04F /* DetailViewController.swift in Sources */,
				E11161BF2A7120BF0092D04F /* DetailSections.swift in Sources */,
				E111619D2A70F3180092D04F /* MovieSliderContainerTableViewCell.swift in Sources */,
				E160B40F2A70E22800B3DB81 /* DialogControllerTransitionDelegate.swift in Sources */,
				E11161D42A712B840092D04F /* DetailInteractor.swift in Sources */,
				E11161832A70EB040092D04F /* MainTabBarController.swift in Sources */,
				E11161C72A7121500092D04F /* DescriptionTableViewCell.swift in Sources */,
				E160B4282A70E5F400B3DB81 /* UpcomingMovieNetworkConfiguration.swift in Sources */,
				E11161AD2A7107B50092D04F /* HomeInteractor.swift in Sources */,
				E11161DC2A71363F0092D04F /* DetailView+Delegate.swift in Sources */,
				E11161B32A7107DA0092D04F /* HomeNetworkingWorker.swift in Sources */,
				E160B4152A70E2B800B3DB81 /* CustomSectionHeaderView.swift in Sources */,
				E160B40D2A70E21E00B3DB81 /* DialogController.swift in Sources */,
				E160B41E2A70E51500B3DB81 /* Optionals+String.swift in Sources */,
				E160B4302A70E64300B3DB81 /* StandardLogger.swift in Sources */,
				E11161A12A70F4C10092D04F /* BaseSectionModel.swift in Sources */,
				E11161D62A712B980092D04F /* DetailWorker.swift in Sources */,
				E160B42C2A70E62500B3DB81 /* StandardConfiguration.swift in Sources */,
				E160B4242A70E55D00B3DB81 /* UICollectionView+Extension.swift in Sources */,
				E160B4032A70E11100B3DB81 /* HomeViewController.swift in Sources */,
				E160B41C2A70E50500B3DB81 /* String+Extension.swift in Sources */,
				E160B4202A70E53E00B3DB81 /* UIApplication+Extension.swift in Sources */,
				E11161992A70F30A0092D04F /* MovieContainerTableViewCell.swift in Sources */,
				E11161D82A712BA10092D04F /* DetailPresenter.swift in Sources */,
				E11161CF2A7121620092D04F /* RatingInfoTableViewCell.swift in Sources */,
				E11161B52A7107E00092D04F /* HomeRouter.swift in Sources */,
				E11161BA2A711BCD0092D04F /* HomeViewController+DBDatasource.swift in Sources */,
				E160B4382A70E71400B3DB81 /* BaseDialog.swift in Sources */,
				E11161B82A7114720092D04F /* DatabaseDataRetrieveService.swift in Sources */,
				E11161BC2A7120710092D04F /* Detail+TableView.swift in Sources */,
				E161D3BF2A714CFB008B14D5 /* VideoDisplayViewController.swift in Sources */,
				E160B4342A70E69700B3DB81 /* PopularMovieNetworkConfiguration.swift in Sources */,
				E160B4062A70E13A00B3DB81 /* BaseViewController.swift in Sources */,
				E11161D22A712AD80092D04F /* DetailMovieModel.swift in Sources */,
				E160B4322A70E65400B3DB81 /* NetworkingConstant.swift in Sources */,
				E160B42E2A70E63500B3DB81 /* StandardNetworking.swift in Sources */,
				E11161B12A7107C80092D04F /* HomePresenter.swift in Sources */,
				E11161A42A70F5590092D04F /* MovieCollectionViewCell.swift in Sources */,
				E160B4222A70E54F00B3DB81 /* UITableView+Extension.swift in Sources */,
				E11161DA2A712BB30092D04F /* DetailRouter.swift in Sources */,
				E11161A82A70F7A80092D04F /* MovieSliderCollectionViewCell.swift in Sources */,
				E160B4402A70E83500B3DB81 /* DatabaseUpdateService.swift in Sources */,
			);
			runOnlyForDeploymentPostprocessing = 0;
		};
/* End PBXSourcesBuildPhase section */

/* Begin PBXVariantGroup section */
		E160B3F12A70DDAB00B3DB81 /* LaunchScreen.storyboard */ = {
			isa = PBXVariantGroup;
			children = (
				E160B3F22A70DDAB00B3DB81 /* Base */,
			);
			name = LaunchScreen.storyboard;
			sourceTree = "<group>";
		};
/* End PBXVariantGroup section */

/* Begin XCBuildConfiguration section */
		E160B3F52A70DDAB00B3DB81 /* Debug */ = {
			isa = XCBuildConfiguration;
			buildSettings = {
				ALWAYS_SEARCH_USER_PATHS = NO;
				CLANG_ANALYZER_NONNULL = YES;
				CLANG_ANALYZER_NUMBER_OBJECT_CONVERSION = YES_AGGRESSIVE;
				CLANG_CXX_LANGUAGE_STANDARD = "gnu++20";
				CLANG_ENABLE_MODULES = YES;
				CLANG_ENABLE_OBJC_ARC = YES;
				CLANG_ENABLE_OBJC_WEAK = YES;
				CLANG_WARN_BLOCK_CAPTURE_AUTORELEASING = YES;
				CLANG_WARN_BOOL_CONVERSION = YES;
				CLANG_WARN_COMMA = YES;
				CLANG_WARN_CONSTANT_CONVERSION = YES;
				CLANG_WARN_DEPRECATED_OBJC_IMPLEMENTATIONS = YES;
				CLANG_WARN_DIRECT_OBJC_ISA_USAGE = YES_ERROR;
				CLANG_WARN_DOCUMENTATION_COMMENTS = YES;
				CLANG_WARN_EMPTY_BODY = YES;
				CLANG_WARN_ENUM_CONVERSION = YES;
				CLANG_WARN_INFINITE_RECURSION = YES;
				CLANG_WARN_INT_CONVERSION = YES;
				CLANG_WARN_NON_LITERAL_NULL_CONVERSION = YES;
				CLANG_WARN_OBJC_IMPLICIT_RETAIN_SELF = YES;
				CLANG_WARN_OBJC_LITERAL_CONVERSION = YES;
				CLANG_WARN_OBJC_ROOT_CLASS = YES_ERROR;
				CLANG_WARN_QUOTED_INCLUDE_IN_FRAMEWORK_HEADER = YES;
				CLANG_WARN_RANGE_LOOP_ANALYSIS = YES;
				CLANG_WARN_STRICT_PROTOTYPES = YES;
				CLANG_WARN_SUSPICIOUS_MOVE = YES;
				CLANG_WARN_UNGUARDED_AVAILABILITY = YES_AGGRESSIVE;
				CLANG_WARN_UNREACHABLE_CODE = YES;
				CLANG_WARN__DUPLICATE_METHOD_MATCH = YES;
				COPY_PHASE_STRIP = NO;
				DEBUG_INFORMATION_FORMAT = dwarf;
				ENABLE_STRICT_OBJC_MSGSEND = YES;
				ENABLE_TESTABILITY = YES;
				GCC_C_LANGUAGE_STANDARD = gnu11;
				GCC_DYNAMIC_NO_PIC = NO;
				GCC_NO_COMMON_BLOCKS = YES;
				GCC_OPTIMIZATION_LEVEL = 0;
				GCC_PREPROCESSOR_DEFINITIONS = (
					"DEBUG=1",
					"$(inherited)",
				);
				GCC_WARN_64_TO_32_BIT_CONVERSION = YES;
				GCC_WARN_ABOUT_RETURN_TYPE = YES_ERROR;
				GCC_WARN_UNDECLARED_SELECTOR = YES;
				GCC_WARN_UNINITIALIZED_AUTOS = YES_AGGRESSIVE;
				GCC_WARN_UNUSED_FUNCTION = YES;
				GCC_WARN_UNUSED_VARIABLE = YES;
				IPHONEOS_DEPLOYMENT_TARGET = 16.0;
				MTL_ENABLE_DEBUG_INFO = INCLUDE_SOURCE;
				MTL_FAST_MATH = YES;
				ONLY_ACTIVE_ARCH = YES;
				SDKROOT = iphoneos;
				SWIFT_ACTIVE_COMPILATION_CONDITIONS = DEBUG;
				SWIFT_OPTIMIZATION_LEVEL = "-Onone";
			};
			name = Debug;
		};
		E160B3F62A70DDAB00B3DB81 /* Release */ = {
			isa = XCBuildConfiguration;
			buildSettings = {
				ALWAYS_SEARCH_USER_PATHS = NO;
				CLANG_ANALYZER_NONNULL = YES;
				CLANG_ANALYZER_NUMBER_OBJECT_CONVERSION = YES_AGGRESSIVE;
				CLANG_CXX_LANGUAGE_STANDARD = "gnu++20";
				CLANG_ENABLE_MODULES = YES;
				CLANG_ENABLE_OBJC_ARC = YES;
				CLANG_ENABLE_OBJC_WEAK = YES;
				CLANG_WARN_BLOCK_CAPTURE_AUTORELEASING = YES;
				CLANG_WARN_BOOL_CONVERSION = YES;
				CLANG_WARN_COMMA = YES;
				CLANG_WARN_CONSTANT_CONVERSION = YES;
				CLANG_WARN_DEPRECATED_OBJC_IMPLEMENTATIONS = YES;
				CLANG_WARN_DIRECT_OBJC_ISA_USAGE = YES_ERROR;
				CLANG_WARN_DOCUMENTATION_COMMENTS = YES;
				CLANG_WARN_EMPTY_BODY = YES;
				CLANG_WARN_ENUM_CONVERSION = YES;
				CLANG_WARN_INFINITE_RECURSION = YES;
				CLANG_WARN_INT_CONVERSION = YES;
				CLANG_WARN_NON_LITERAL_NULL_CONVERSION = YES;
				CLANG_WARN_OBJC_IMPLICIT_RETAIN_SELF = YES;
				CLANG_WARN_OBJC_LITERAL_CONVERSION = YES;
				CLANG_WARN_OBJC_ROOT_CLASS = YES_ERROR;
				CLANG_WARN_QUOTED_INCLUDE_IN_FRAMEWORK_HEADER = YES;
				CLANG_WARN_RANGE_LOOP_ANALYSIS = YES;
				CLANG_WARN_STRICT_PROTOTYPES = YES;
				CLANG_WARN_SUSPICIOUS_MOVE = YES;
				CLANG_WARN_UNGUARDED_AVAILABILITY = YES_AGGRESSIVE;
				CLANG_WARN_UNREACHABLE_CODE = YES;
				CLANG_WARN__DUPLICATE_METHOD_MATCH = YES;
				COPY_PHASE_STRIP = NO;
				DEBUG_INFORMATION_FORMAT = "dwarf-with-dsym";
				ENABLE_NS_ASSERTIONS = NO;
				ENABLE_STRICT_OBJC_MSGSEND = YES;
				GCC_C_LANGUAGE_STANDARD = gnu11;
				GCC_NO_COMMON_BLOCKS = YES;
				GCC_WARN_64_TO_32_BIT_CONVERSION = YES;
				GCC_WARN_ABOUT_RETURN_TYPE = YES_ERROR;
				GCC_WARN_UNDECLARED_SELECTOR = YES;
				GCC_WARN_UNINITIALIZED_AUTOS = YES_AGGRESSIVE;
				GCC_WARN_UNUSED_FUNCTION = YES;
				GCC_WARN_UNUSED_VARIABLE = YES;
				IPHONEOS_DEPLOYMENT_TARGET = 16.0;
				MTL_ENABLE_DEBUG_INFO = NO;
				MTL_FAST_MATH = YES;
				SDKROOT = iphoneos;
				SWIFT_COMPILATION_MODE = wholemodule;
				SWIFT_OPTIMIZATION_LEVEL = "-O";
				VALIDATE_PRODUCT = YES;
			};
			name = Release;
		};
		E160B3F82A70DDAB00B3DB81 /* Debug */ = {
			isa = XCBuildConfiguration;
			baseConfigurationReference = CC67C5ABB11A85D60CC51C43 /* Pods-ApplicationDevEvolxITiOS.debug.xcconfig */;
			buildSettings = {
				ASSETCATALOG_COMPILER_APPICON_NAME = AppIcon;
				ASSETCATALOG_COMPILER_GLOBAL_ACCENT_COLOR_NAME = AccentColor;
				CODE_SIGN_STYLE = Automatic;
				CURRENT_PROJECT_VERSION = 1;
				DEVELOPMENT_TEAM = JHPZ4264U2;
				GENERATE_INFOPLIST_FILE = YES;
				INFOPLIST_FILE = ApplicationDevEvolxITiOS/Info.plist;
				INFOPLIST_KEY_UIApplicationSupportsIndirectInputEvents = YES;
				INFOPLIST_KEY_UILaunchStoryboardName = LaunchScreen;
				INFOPLIST_KEY_UISupportedInterfaceOrientations = "UIInterfaceOrientationPortrait UIInterfaceOrientationPortraitUpsideDown";
				INFOPLIST_KEY_UISupportedInterfaceOrientations_iPad = "UIInterfaceOrientationLandscapeLeft UIInterfaceOrientationLandscapeRight UIInterfaceOrientationPortrait UIInterfaceOrientationPortraitUpsideDown";
				LD_RUNPATH_SEARCH_PATHS = (
					"$(inherited)",
					"@executable_path/Frameworks",
				);
				MARKETING_VERSION = 1.0;
				PRODUCT_BUNDLE_IDENTIFIER = com.alvin.ApplicationDevEvolxITiOS;
				PRODUCT_NAME = "$(TARGET_NAME)";
				SWIFT_EMIT_LOC_STRINGS = YES;
				SWIFT_VERSION = 5.0;
				TARGETED_DEVICE_FAMILY = "1,2";
			};
			name = Debug;
		};
		E160B3F92A70DDAB00B3DB81 /* Release */ = {
			isa = XCBuildConfiguration;
			baseConfigurationReference = 87B5EB16F9AEBF68E8EADD5E /* Pods-ApplicationDevEvolxITiOS.release.xcconfig */;
			buildSettings = {
				ASSETCATALOG_COMPILER_APPICON_NAME = AppIcon;
				ASSETCATALOG_COMPILER_GLOBAL_ACCENT_COLOR_NAME = AccentColor;
				CODE_SIGN_STYLE = Automatic;
				CURRENT_PROJECT_VERSION = 1;
				DEVELOPMENT_TEAM = JHPZ4264U2;
				GENERATE_INFOPLIST_FILE = YES;
				INFOPLIST_FILE = ApplicationDevEvolxITiOS/Info.plist;
				INFOPLIST_KEY_UIApplicationSupportsIndirectInputEvents = YES;
				INFOPLIST_KEY_UILaunchStoryboardName = LaunchScreen;
				INFOPLIST_KEY_UISupportedInterfaceOrientations = "UIInterfaceOrientationPortrait UIInterfaceOrientationPortraitUpsideDown";
				INFOPLIST_KEY_UISupportedInterfaceOrientations_iPad = "UIInterfaceOrientationLandscapeLeft UIInterfaceOrientationLandscapeRight UIInterfaceOrientationPortrait UIInterfaceOrientationPortraitUpsideDown";
				LD_RUNPATH_SEARCH_PATHS = (
					"$(inherited)",
					"@executable_path/Frameworks",
				);
				MARKETING_VERSION = 1.0;
				PRODUCT_BUNDLE_IDENTIFIER = com.alvin.ApplicationDevEvolxITiOS;
				PRODUCT_NAME = "$(TARGET_NAME)";
				SWIFT_EMIT_LOC_STRINGS = YES;
				SWIFT_VERSION = 5.0;
				TARGETED_DEVICE_FAMILY = "1,2";
			};
			name = Release;
		};
/* End XCBuildConfiguration section */

/* Begin XCConfigurationList section */
		E160B3DE2A70DDA800B3DB81 /* Build configuration list for PBXProject "ApplicationDevEvolxITiOS" */ = {
			isa = XCConfigurationList;
			buildConfigurations = (
				E160B3F52A70DDAB00B3DB81 /* Debug */,
				E160B3F62A70DDAB00B3DB81 /* Release */,
			);
			defaultConfigurationIsVisible = 0;
			defaultConfigurationName = Release;
		};
		E160B3F72A70DDAB00B3DB81 /* Build configuration list for PBXNativeTarget "ApplicationDevEvolxITiOS" */ = {
			isa = XCConfigurationList;
			buildConfigurations = (
				E160B3F82A70DDAB00B3DB81 /* Debug */,
				E160B3F92A70DDAB00B3DB81 /* Release */,
			);
			defaultConfigurationIsVisible = 0;
			defaultConfigurationName = Release;
		};
/* End XCConfigurationList section */
	};
	rootObject = E160B3DB2A70DDA800B3DB81 /* Project object */;
}
